version = 1
revision = 3
requires-python = ">=3.12"

[[package]]
name = "deprecated"
version = "1.3.1"
source = { registry = "https://pypi.org/simple" }
dependencies = [
    { name = "wrapt" },
]
sdist = { url = "https://files.pythonhosted.org/packages/49/85/12f0a49a7c4ffb70572b6c2ef13c90c88fd190debda93b23f026b25f9634/deprecated-1.3.1.tar.gz", hash = "sha256:b1b50e0ff0c1fddaa5708a2c6b0a6588bb09b892825ab2b214ac9ea9d92a5223", size = 2932523, upload-time = "2025-10-30T08:19:02.757Z" }
wheels = [
    { url = "https://files.pythonhosted.org/packages/84/d0/205d54408c08b13550c733c4b85429e7ead111c7f0014309637425520a9a/deprecated-1.3.1-py2.py3-none-any.whl", hash = "sha256:597bfef186b6f60181535a29fbe44865ce137a5079f295b479886c82729d5f3f", size = 11298, upload-time = "2025-10-30T08:19:00.758Z" },
]

[[package]]
name = "event-generator"
version = "1.0.0"
source = { virtual = "." }
dependencies = [
    { name = "opentelemetry-api" },
    { name = "opentelemetry-exporter-otlp-proto-grpc" },
    { name = "opentelemetry-sdk" },
]

[package.metadata]
requires-dist = [
    { name = "opentelemetry-api", specifier = "==1.23.0" },
    { name = "opentelemetry-exporter-otlp-proto-grpc", specifier = "==1.23.0" },
    { name = "opentelemetry-sdk", specifier = "==1.23.0" },
]

[[package]]
name = "googleapis-common-protos"
version = "1.72.0"
source = { registry = "https://pypi.org/simple" }
dependencies = [
    { name = "protobuf" },
]
sdist = { url = "https://files.pythonhosted.org/packages/e5/7b/adfd75544c415c487b33061fe7ae526165241c1ea133f9a9125a56b39fd8/googleapis_common_protos-1.72.0.tar.gz", hash = "sha256:e55a601c1b32b52d7a3e65f43563e2aa61bcd737998ee672ac9b951cd49319f5", size = 147433, upload-time = "2025-11-06T18:29:24.087Z" }
wheels = [
    { url = "https://files.pythonhosted.org/packages/c4/ab/09169d5a4612a5f92490806649ac8d41e3ec9129c636754575b3553f4ea4/googleapis_common_protos-1.72.0-py3-none-any.whl", hash = "sha256:4299c5a82d5ae1a9702ada957347726b167f9f8d1fc352477702a1e851ff4038", size = 297515, upload-time = "2025-11-06T18:29:13.14Z" },
]

[[package]]
name = "grpcio"
version = "1.78.0"
source = { registry = "https://pypi.org/simple" }
dependencies = [
    { name = "typing-extensions" },
]
sdist = { url = "https://files.pythonhosted.org/packages/06/8a/3d098f35c143a89520e568e6539cc098fcd294495910e359889ce8741c84/grpcio-1.78.0.tar.gz", hash = "sha256:7382b95189546f375c174f53a5fa873cef91c4b8005faa05cc5b3beea9c4f1c5", size = 12852416, upload-time = "2026-02-06T09:57:18.093Z" }
wheels = [
    { url = "https://files.pythonhosted.org/packages/4e/f4/7384ed0178203d6074446b3c4f46c90a22ddf7ae0b3aee521627f54cfc2a/grpcio-1.78.0-cp312-cp312-linux_armv7l.whl", hash = "sha256:f9ab915a267fc47c7e88c387a3a28325b58c898e23d4995f765728f4e3dedb97", size = 5913985, upload-time = "2026-02-06T09:55:26.832Z" },
    { url = "https://files.pythonhosted.org/packages/81/ed/be1caa25f06594463f685b3790b320f18aea49b33166f4141bfdc2bfb236/grpcio-1.78.0-cp312-cp312-macosx_11_0_universal2.whl", hash = "sha256:3f8904a8165ab21e07e58bf3e30a73f4dffc7a1e0dbc32d51c61b5360d26f43e", size = 11811853, upload-time = "2026-02-06T09:55:29.224Z" },
    { url = "https://files.pythonhosted.org/packages/24/a7/f06d151afc4e64b7e3cc3e872d331d011c279aaab02831e40a81c691fb65/grpcio-1.78.0-cp312-cp312-manylinux2014_aarch64.manylinux_2_17_aarch64.whl", hash = "sha256:859b13906ce098c0b493af92142ad051bf64c7870fa58a123911c88606714996", size = 6475766, upload-time = "2026-02-06T09:55:31.825Z" },
    { url = "https://files.pythonhosted.org/packages/8a/a8/4482922da832ec0082d0f2cc3a10976d84a7424707f25780b82814aafc0a/grpcio-1.78.0-cp312-cp312-manylinux2014_i686.manylinux_2_17_i686.whl", hash = "sha256:b2342d87af32790f934a79c3112641e7b27d63c261b8b4395350dad43eff1dc7", size = 7170027, upload-time = "2026-02-06T09:55:34.7Z" },
    { url = "https://files.pythonhosted.org/packages/54/bf/f4a3b9693e35d25b24b0b39fa46d7d8a3c439e0a3036c3451764678fec20/grpcio-1.78.0-cp312-cp312-manylinux2014_x86_64.manylinux_2_17_x86_64.whl", hash = "sha256:12a771591ae40bc65ba67048fa52ef4f0e6db8279e595fd349f9dfddeef571f9", size = 6690766, upload-time = "2026-02-06T09:55:36.902Z" },
    { url = "https://files.pythonhosted.org/packages/c7/b9/521875265cc99fe5ad4c5a17010018085cae2810a928bf15ebe7d8bcd9cc/grpcio-1.78.0-cp312-cp312-musllinux_1_2_aarch64.whl", hash = "sha256:185dea0d5260cbb2d224c507bf2a5444d5abbb1fa3594c1ed7e4c709d5eb8383", size = 7266161, upload-time = "2026-02-06T09:55:39.824Z" },
    { url = "https://files.pythonhosted.org/packages/05/86/296a82844fd40a4ad4a95f100b55044b4f817dece732bf686aea1a284147/grpcio-1.78.0-cp312-cp312-musllinux_1_2_i686.whl", hash = "sha256:51b13f9aed9d59ee389ad666b8c2214cc87b5de258fa712f9ab05f922e3896c6", size = 8253303, upload-time = "2026-02-06T09:55:42.353Z" },
    { url = "https://files.pythonhosted.org/packages/f3/e4/ea3c0caf5468537f27ad5aab92b681ed7cc0ef5f8c9196d3fd42c8c2286b/grpcio-1.78.0-cp312-cp312-musllinux_1_2_x86_64.whl", hash = "sha256:fd5f135b1bd58ab088930b3c613455796dfa0393626a6972663ccdda5b4ac6ce", size = 7698222, upload-time = "2026-02-06T09:55:44.629Z" },
    { url = "https://files.pythonhosted.org/packages/d7/47/7f05f81e4bb6b831e93271fb12fd52ba7b319b5402cbc101d588f435df00/grpcio-1.78.0-cp312-cp312-win32.whl", hash = "sha256:94309f498bcc07e5a7d16089ab984d42ad96af1d94b5a4eb966a266d9fcabf68", size = 4066123, upload-time = "2026-02-06T09:55:47.644Z" },
    { url = "https://files.pythonhosted.org/packages/ad/e7/d6914822c88aa2974dbbd10903d801a28a19ce9cd8bad7e694cbbcf61528/grpcio-1.78.0-cp312-cp312-win_amd64.whl", hash = "sha256:9566fe4ababbb2610c39190791e5b829869351d14369603702e890ef3ad2d06e", size = 4797657, upload-time = "2026-02-06T09:55:49.86Z" },
    { url = "https://files.pythonhosted.org/packages/05/a9/8f75894993895f361ed8636cd9237f4ab39ef87fd30db17467235ed1c045/grpcio-1.78.0-cp313-cp313-linux_armv7l.whl", hash = "sha256:ce3a90455492bf8bfa38e56fbbe1dbd4f872a3d8eeaf7337dc3b1c8aa28c271b", size = 5920143, upload-time = "2026-02-06T09:55:52.035Z" },
    { url = "https://files.pythonhosted.org/packages/55/06/0b78408e938ac424100100fd081189451b472236e8a3a1f6500390dc4954/grpcio-1.78.0-cp313-cp313-macosx_11_0_universal2.whl", hash = "sha256:2bf5e2e163b356978b23652c4818ce4759d40f4712ee9ec5a83c4be6f8c23a3a", size = 11803926, upload-time = "2026-02-06T09:55:55.494Z" },
    { url = "https://files.pythonhosted.org/packages/88/93/b59fe7832ff6ae3c78b813ea43dac60e295fa03606d14d89d2e0ec29f4f3/grpcio-1.78.0-cp313-cp313-manylinux2014_aarch64.manylinux_2_17_aarch64.whl", hash = "sha256:8f2ac84905d12918e4e55a16da17939eb63e433dc11b677267c35568aa63fc84", size = 6478628, upload-time = "2026-02-06T09:55:58.533Z" },
    { url = "https://files.pythonhosted.org/packages/ed/df/e67e3734527f9926b7d9c0dde6cd998d1d26850c3ed8eeec81297967ac67/grpcio-1.78.0-cp313-cp313-manylinux2014_i686.manylinux_2_17_i686.whl", hash = "sha256:b58f37edab4a3881bc6c9bca52670610e0c9ca14e2ea3cf9debf185b870457fb", size = 7173574, upload-time = "2026-02-06T09:56:01.786Z" },
    { url = "https://files.pythonhosted.org/packages/a6/62/cc03fffb07bfba982a9ec097b164e8835546980aec25ecfa5f9c1a47e022/grpcio-1.78.0-cp313-cp313-manylinux2014_x86_64.manylinux_2_17_x86_64.whl", hash = "sha256:735e38e176a88ce41840c21bb49098ab66177c64c82426e24e0082500cc68af5", size = 6692639, upload-time = "2026-02-06T09:56:04.529Z" },
    { url = "https://files.pythonhosted.org/packages/bf/9a/289c32e301b85bdb67d7ec68b752155e674ee3ba2173a1858f118e399ef3/grpcio-1.78.0-cp313-cp313-musllinux_1_2_aarch64.whl", hash = "sha256:2045397e63a7a0ee7957c25f7dbb36ddc110e0cfb418403d110c0a7a68a844e9", size = 7268838, upload-time = "2026-02-06T09:56:08.397Z" },
    { url = "https://files.pythonhosted.org/packages/0e/79/1be93f32add280461fa4773880196572563e9c8510861ac2da0ea0f892b6/grpcio-1.78.0-cp313-cp313-musllinux_1_2_i686.whl", hash = "sha256:a9f136fbafe7ccf4ac7e8e0c28b31066e810be52d6e344ef954a3a70234e1702", size = 8251878, upload-time = "2026-02-06T09:56:10.914Z" },
    { url = "https://files.pythonhosted.org/packages/65/65/793f8e95296ab92e4164593674ae6291b204bb5f67f9d4a711489cd30ffa/grpcio-1.78.0-cp313-cp313-musllinux_1_2_x86_64.whl", hash = "sha256:748b6138585379c737adc08aeffd21222abbda1a86a0dca2a39682feb9196c20", size = 7695412, upload-time = "2026-02-06T09:56:13.593Z" },
    { url = "https://files.pythonhosted.org/packages/1c/9f/1e233fe697ecc82845942c2822ed06bb522e70d6771c28d5528e4c50f6a4/grpcio-1.78.0-cp313-cp313-win32.whl", hash = "sha256:271c73e6e5676afe4fc52907686670c7cea22ab2310b76a59b678403ed40d670", size = 4064899, upload-time = "2026-02-06T09:56:15.601Z" },
    { url = "https://files.pythonhosted.org/packages/4d/27/d86b89e36de8a951501fb06a0f38df19853210f341d0b28f83f4aa0ffa08/grpcio-1.78.0-cp313-cp313-win_amd64.whl", hash = "sha256:f2d4e43ee362adfc05994ed479334d5a451ab7bc3f3fee1b796b8ca66895acb4", size = 4797393, upload-time = "2026-02-06T09:56:17.882Z" },
    { url = "https://files.pythonhosted.org/packages/29/f2/b56e43e3c968bfe822fa6ce5bca10d5c723aa40875b48791ce1029bb78c7/grpcio-1.78.0-cp314-cp314-linux_armv7l.whl", hash = "sha256:e87cbc002b6f440482b3519e36e1313eb5443e9e9e73d6a52d43bd2004fcfd8e", size = 5920591, upload-time = "2026-02-06T09:56:20.758Z" },
    { url = "https://files.pythonhosted.org/packages/5d/81/1f3b65bd30c334167bfa8b0d23300a44e2725ce39bba5b76a2460d85f745/grpcio-1.78.0-cp314-cp314-macosx_11_0_universal2.whl", hash = "sha256:c41bc64626db62e72afec66b0c8a0da76491510015417c127bfc53b2fe6d7f7f", size = 11813685, upload-time = "2026-02-06T09:56:24.315Z" },
    { url = "https://files.pythonhosted.org/packages/0e/1c/bbe2f8216a5bd3036119c544d63c2e592bdf4a8ec6e4a1867592f4586b26/grpcio-1.78.0-cp314-cp314-manylinux2014_aarch64.manylinux_2_17_aarch64.whl", hash = "sha256:8dfffba826efcf366b1e3ccc37e67afe676f290e13a3b48d31a46739f80a8724", size = 6487803, upload-time = "2026-02-06T09:56:27.367Z" },
    { url = "https://files.pythonhosted.org/packages/16/5c/a6b2419723ea7ddce6308259a55e8e7593d88464ce8db9f4aa857aba96fa/grpcio-1.78.0-cp314-cp314-manylinux2014_i686.manylinux_2_17_i686.whl", hash = "sha256:74be1268d1439eaaf552c698cdb11cd594f0c49295ae6bb72c34ee31abbe611b", size = 7173206, upload-time = "2026-02-06T09:56:29.876Z" },
    { url = "https://files.pythonhosted.org/packages/df/1e/b8801345629a415ea7e26c83d75eb5dbe91b07ffe5210cc517348a8d4218/grpcio-1.78.0-cp314-cp314-manylinux2014_x86_64.manylinux_2_17_x86_64.whl", hash = "sha256:be63c88b32e6c0f1429f1398ca5c09bc64b0d80950c8bb7807d7d7fb36fb84c7", size = 6693826, upload-time = "2026-02-06T09:56:32.305Z" },
    { url = "https://files.pythonhosted.org/packages/34/84/0de28eac0377742679a510784f049738a80424b17287739fc47d63c2439e/grpcio-1.78.0-cp314-cp314-musllinux_1_2_aarch64.whl", hash = "sha256:3c586ac70e855c721bda8f548d38c3ca66ac791dc49b66a8281a1f99db85e452", size = 7277897, upload-time = "2026-02-06T09:56:34.915Z" },
    { url = "https://files.pythonhosted.org/packages/ca/9c/ad8685cfe20559a9edb66f735afdcb2b7d3de69b13666fdfc542e1916ebd/grpcio-1.78.0-cp314-cp314-musllinux_1_2_i686.whl", hash = "sha256:35eb275bf1751d2ffbd8f57cdbc46058e857cf3971041521b78b7db94bdaf127", size = 8252404, upload-time = "2026-02-06T09:56:37.553Z" },
    { url = "https://files.pythonhosted.org/packages/3c/05/33a7a4985586f27e1de4803887c417ec7ced145ebd069bc38a9607059e2b/grpcio-1.78.0-cp314-cp314-musllinux_1_2_x86_64.whl", hash = "sha256:207db540302c884b8848036b80db352a832b99dfdf41db1eb554c2c2c7800f65", size = 7696837, upload-time = "2026-02-06T09:56:40.173Z" },
    { url = "https://files.pythonhosted.org/packages/73/77/7382241caf88729b106e49e7d18e3116216c778e6a7e833826eb96de22f7/grpcio-1.78.0-cp314-cp314-win32.whl", hash = "sha256:57bab6deef2f4f1ca76cc04565df38dc5713ae6c17de690721bdf30cb1e0545c", size = 4142439, upload-time = "2026-02-06T09:56:43.258Z" },
    { url = "https://files.pythonhosted.org/packages/48/b2/b096ccce418882fbfda4f7496f9357aaa9a5af1896a9a7f60d9f2b275a06/grpcio-1.78.0-cp314-cp314-win_amd64.whl", hash = "sha256:dce09d6116df20a96acfdbf85e4866258c3758180e8c49845d6ba8248b6d0bbb", size = 4929852, upload-time = "2026-02-06T09:56:45.885Z" },
]

[[package]]
name = "importlib-metadata"
version = "6.11.0"
source = { registry = "https://pypi.org/simple" }
dependencies = [
    { name = "zipp" },
]
sdist = { url = "https://files.pythonhosted.org/packages/ee/eb/58c2ab27ee628ad801f56d4017fe62afab0293116f6d0b08f1d5bd46e06f/importlib_metadata-6.11.0.tar.gz", hash = "sha256:1231cf92d825c9e03cfc4da076a16de6422c863558229ea0b22b675657463443", size = 54593, upload-time = "2023-12-03T17:33:10.693Z" }
wheels = [
    { url = "https://files.pythonhosted.org/packages/59/9b/ecce94952ab5ea74c31dcf9ccf78ccd484eebebef06019bf8cb579ab4519/importlib_metadata-6.11.0-py3-none-any.whl", hash = "sha256:f0afba6205ad8f8947c7d338b5342d5db2afbfd82f9cbef7879a9539cc12eb9b", size = 23427, upload-time = "2023-12-03T17:33:08.965Z" },
]

[[package]]
name = "opentelemetry-api"
version = "1.23.0"
source = { registry = "https://pypi.org/simple" }
dependencies = [
    { name = "deprecated" },
    { name = "importlib-metadata" },
]
sdist = { url = "https://files.pythonhosted.org/packages/48/12/6e12a4c35a94a74da099cbfd73e7bdd3373240bf24f968df8b69bac37b47/opentelemetry_api-1.23.0.tar.gz", hash = "sha256:14a766548c8dd2eb4dfc349739eb4c3893712a0daa996e5dbf945f9da665da9d", size = 57894, upload-time = "2024-02-23T17:01:57.193Z" }
wheels = [
    { url = "https://files.pythonhosted.org/packages/96/e4/0bfd837c625517dd4c908789a89063247e5769be02b47bf432cde53964e2/opentelemetry_api-1.23.0-py3-none-any.whl", hash = "sha256:cc03ea4025353048aadb9c64919099663664672ea1c6be6ddd8fee8e4cd5e774", size = 58364, upload-time = "2024-02-23T17:01:28.155Z" },
]

[[package]]
name = "opentelemetry-exporter-otlp-proto-common"
version = "1.23.0"
source = { registry = "https://pypi.org/simple" }
dependencies = [
    { name = "opentelemetry-proto" },
]
sdist = { url = "https://files.pythonhosted.org/packages/5e/42/0b6e37b44fa08f4aacd8e008b691daf3e8dbf329093eaddc1931bd3a687e/opentelemetry_exporter_otlp_proto_common-1.23.0.tar.gz", hash = "sha256:35e4ea909e7a0b24235bd0aaf17fba49676527feb1823b46565ff246d5a1ab18", size = 16932, upload-time = "2024-02-23T17:02:01.189Z" }
wheels = [
    { url = "https://files.pythonhosted.org/packages/13/ec/b0f12fb97b940ff2977ff77dc913242e2a577179b7f5b276487459a2749e/opentelemetry_exporter_otlp_proto_common-1.23.0-py3-none-any.whl", hash = "sha256:2a9e7e9d5a8b026b572684b6b24dcdefcaa58613d5ce3d644130b0c373c056c1", size = 17632, upload-time = "2024-02-23T17:01:33.767Z" },
]

[[package]]
name = "opentelemetry-exporter-otlp-proto-grpc"
version = "1.23.0"
source = { registry = "https://pypi.org/simple" }
dependencies = [
    { name = "deprecated" },
    { name = "googleapis-common-protos" },
    { name = "grpcio" },
    { name = "opentelemetry-api" },
    { name = "opentelemetry-exporter-otlp-proto-common" },
    { name = "opentelemetry-proto" },
    { name = "opentelemetry-sdk" },
]
sdist = { url = "https://files.pythonhosted.org/packages/30/1a/e9efba977df23b9ee516f256325b9907e87383ce82d19ea51e9dc5114222/opentelemetry_exporter_otlp_proto_grpc-1.23.0.tar.gz", hash = "sha256:aa1a012eea5342bfef51fcf3f7f22601dcb0f0984a07ffe6025b2fbb6d91a2a9", size = 25128, upload-time = "2024-02-23T17:02:01.984Z" }
wheels = [
    { url = "https://files.pythonhosted.org/packages/67/29/19c639b565c340e25cd7b581e0311a3ccddbeca7906c500f23247f75d321/opentelemetry_exporter_otlp_proto_grpc-1.23.0-py3-none-any.whl", hash = "sha256:40f9e3e7761eb34f2a1001f4543028783ac26e2db27e420d5374f2cca0182dad", size = 18244, upload-time = "2024-02-23T17:01:34.925Z" },
]

[[package]]
name = "opentelemetry-proto"
version = "1.23.0"
source = { registry = "https://pypi.org/simple" }
dependencies = [
    { name = "protobuf" },
]
sdist = { url = "https://files.pythonhosted.org/packages/e6/32/49c65c36c1af4583d64bac130bc325a57d6ed95cf637bb3c88e352ec4452/opentelemetry_proto-1.23.0.tar.gz", hash = "sha256:e6aaf8b7ace8d021942d546161401b83eed90f9f2cc6f13275008cea730e4651", size = 33414, upload-time = "2024-02-23T17:02:09.936Z" }
wheels = [
    { url = "https://files.pythonhosted.org/packages/4e/6a/8e5f11827772d1acb27fb2ac33ce12175fb485254de292c8aacd82153bf2/opentelemetry_proto-1.23.0-py3-none-any.whl", hash = "sha256:4c017deca052cb287a6003b7c989ed8b47af65baeb5d57ebf93dde0793f78509", size = 50772, upload-time = "2024-02-23T17:01:50.941Z" },
]

[[package]]
name = "opentelemetry-sdk"
version = "1.23.0"
source = { registry = "https://pypi.org/simple" }
dependencies = [
    { name = "opentelemetry-api" },
    { name = "opentelemetry-semantic-conventions" },
    { name = "typing-extensions" },
]
sdist = { url = "https://files.pythonhosted.org/packages/66/79/34a06c586fdf1de7d5046c0e09c73c8a32029c996f24781f76ef795bb213/opentelemetry_sdk-1.23.0.tar.gz", hash = "sha256:9ddf60195837b59e72fd2033d6a47e2b59a0f74f0ec37d89387d89e3da8cab7f", size = 137647, upload-time = "2024-02-23T17:02:10.88Z" }
wheels = [
    { url = "https://files.pythonhosted.org/packages/7d/3d/1e991d0badf159dbc090fa4137361ccf77f177c6ee555cf84e3d6ee79b26/opentelemetry_sdk-1.23.0-py3-none-any.whl", hash = "sha256:a93c96990ac0f07c6d679e2f1015864ff7a4f5587122dd5af968034436efb1fd", size = 105699, upload-time = "2024-02-23T17:01:52.743Z" },
]

[[package]]
name = "opentelemetry-semantic-conventions"
version = "0.44b0"
source = { registry = "https://pypi.org/simple" }
sdist = { url = "https://files.pythonhosted.org/packages/b2/21/6febb2b73bdd1515da7bc53e8f2775d51305590b319f225b79360921e060/opentelemetry_semantic_conventions-0.44b0.tar.gz", hash = "sha256:2e997cb28cd4ca81a25a9a43365f593d0c2b76be0685015349a89abdf1aa4ffa", size = 34338, upload-time = "2024-02-23T17:02:11.794Z" }
wheels = [
    { url = "https://files.pythonhosted.org/packages/ba/0d/3b059755eaaf024261309c3b42fb4d14b2b6e36f58011a63c11817b0a5df/opentelemetry_semantic_conventions-0.44b0-py3-none-any.whl", hash = "sha256:7c434546c9cbd797ab980cc88bf9ff3f4a5a28f941117cad21694e43d5d92019", size = 36832, upload-time = "2024-02-23T17:01:54.336Z" },
]

[[package]]
name = "protobuf"
version = "4.25.8"
source = { registry = "https://pypi.org/simple" }
sdist = { url = "https://files.pythonhosted.org/packages/df/01/34c8d2b6354906d728703cb9d546a0e534de479e25f1b581e4094c4a85cc/protobuf-4.25.8.tar.gz", hash = "sha256:6135cf8affe1fc6f76cced2641e4ea8d3e59518d1f24ae41ba97bcad82d397cd", size = 380920, upload-time = "2025-05-28T14:22:25.153Z" }
wheels = [
    { url = "https://files.pythonhosted.org/packages/45/ff/05f34305fe6b85bbfbecbc559d423a5985605cad5eda4f47eae9e9c9c5c5/protobuf-4.25.8-cp310-abi3-win32.whl", hash = "sha256:504435d831565f7cfac9f0714440028907f1975e4bed228e58e72ecfff58a1e0", size = 392745, upload-time = "2025-05-28T14:22:10.524Z" },
    { url = "https://files.pythonhosted.org/packages/08/35/8b8a8405c564caf4ba835b1fdf554da869954712b26d8f2a98c0e434469b/protobuf-4.25.8-cp310-abi3-win_amd64.whl", hash = "sha256:bd551eb1fe1d7e92c1af1d75bdfa572eff1ab0e5bf1736716814cdccdb2360f9", size = 413736, upload-time = "2025-05-28T14:22:13.156Z" },
    { url = "https://files.pythonhosted.org/packages/28/d7/ab27049a035b258dab43445eb6ec84a26277b16105b277cbe0a7698bdc6c/protobuf-4.25.8-cp37-abi3-macosx_10_9_universal2.whl", hash = "sha256:ca809b42f4444f144f2115c4c1a747b9a404d590f18f37e9402422033e464e0f", size = 394537, upload-time = "2025-05-28T14:22:14.768Z" },
    { url = "https://files.pythonhosted.org/packages/bd/6d/a4a198b61808dd3d1ee187082ccc21499bc949d639feb948961b48be9a7e/protobuf-4.25.8-cp37-abi3-manylinux2014_aarch64.whl", hash = "sha256:9ad7ef62d92baf5a8654fbb88dac7fa5594cfa70fd3440488a5ca3bfc6d795a7", size = 294005, upload-time = "2025-05-28T14:22:16.052Z" },
    { url = "https://files.pythonhosted.org/packages/d6/c6/c9deaa6e789b6fc41b88ccbdfe7a42d2b82663248b715f55aa77fbc00724/protobuf-4.25.8-cp37-abi3-manylinux2014_x86_64.whl", hash = "sha256:83e6e54e93d2b696a92cad6e6efc924f3850f82b52e1563778dfab8b355101b0", size = 294924, upload-time = "2025-05-28T14:22:17.105Z" },
    { url = "https://files.pythonhosted.org/packages/0c/c1/6aece0ab5209981a70cd186f164c133fdba2f51e124ff92b73de7fd24d78/protobuf-4.25.8-py3-none-any.whl", hash = "sha256:15a0af558aa3b13efef102ae6e4f3efac06f1eea11afb3a57db2901447d9fb59", size = 156757, upload-time = "2025-05-28T14:22:24.135Z" },
]

[[package]]
name = "typing-extensions"
version = "4.15.0"
source = { registry = "https://pypi.org/simple" }
sdist = { url = "https://files.pythonhosted.org/packages/72/94/1a15dd82efb362ac84269196e94cf00f187f7ed21c242792a923cdb1c61f/typing_extensions-4.15.0.tar.gz", hash = "sha256:0cea48d173cc12fa28ecabc3b837ea3cf6f38c6d1136f85cbaaf598984861466", size = 109391, upload-time = "2025-08-25T13:49:26.313Z" }
wheels = [
    { url = "https://files.pythonhosted.org/packages/18/67/36e9267722cc04a6b9f15c7f3441c2363321a3ea07da7ae0c0707beb2a9c/typing_extensions-4.15.0-py3-none-any.whl", hash = "sha256:f0fa19c6845758ab08074a0cfa8b7aecb71c999ca73d62883bc25cc018c4e548", size = 44614, upload-time = "2025-08-25T13:49:24.86Z" },
]

[[package]]
name = "wrapt"
version = "2.1.1"
source = { registry = "https://pypi.org/simple" }
sdist = { url = "https://files.pythonhosted.org/packages/f7/37/ae31f40bec90de2f88d9597d0b5281e23ffe85b893a47ca5d9c05c63a4f6/wrapt-2.1.1.tar.gz", hash = "sha256:5fdcb09bf6db023d88f312bd0767594b414655d58090fc1c46b3414415f67fac", size = 81329, upload-time = "2026-02-03T02:12:13.786Z" }
wheels = [
    { url = "https://files.pythonhosted.org/packages/df/cb/4d5255d19bbd12be7f8ee2c1fb4269dddec9cef777ef17174d357468efaa/wrapt-2.1.1-cp312-cp312-macosx_10_13_x86_64.whl", hash = "sha256:ab8e3793b239db021a18782a5823fcdea63b9fe75d0e340957f5828ef55fcc02", size = 61143, upload-time = "2026-02-03T02:11:46.313Z" },
    { url = "https://files.pythonhosted.org/packages/6f/07/7ed02daa35542023464e3c8b7cb937fa61f6c61c0361ecf8f5fecf8ad8da/wrapt-2.1.1-cp312-cp312-macosx_11_0_arm64.whl", hash = "sha256:7c0300007836373d1c2df105b40777986accb738053a92fe09b615a7a4547e9f", size = 61740, upload-time = "2026-02-03T02:12:51.966Z" },
    { url = "https://files.pythonhosted.org/packages/c4/60/a237a4e4a36f6d966061ccc9b017627d448161b19e0a3ab80a7c7c97f859/wrapt-2.1.1-cp312-cp312-manylinux1_x86_64.manylinux_2_28_x86_64.manylinux_2_5_x86_64.whl", hash = "sha256:2b27c070fd1132ab23957bcd4ee3ba707a91e653a9268dc1afbd39b77b2799f7", size = 121327, upload-time = "2026-02-03T02:11:06.796Z" },
    { url = "https://files.pythonhosted.org/packages/ae/fe/9139058a3daa8818fc67e6460a2340e8bbcf3aef8b15d0301338bbe181ca/wrapt-2.1.1-cp312-cp312-manylinux2014_aarch64.manylinux_2_17_aarch64.manylinux_2_28_aarch64.whl", hash = "sha256:8b0e36d845e8b6f50949b6b65fc6cd279f47a1944582ed4ec8258cd136d89a64", size = 122903, upload-time = "2026-02-03T02:12:48.657Z" },
    { url = "https://files.pythonhosted.org/packages/91/10/b8479202b4164649675846a531763531f0a6608339558b5a0a718fc49a8d/wrapt-2.1.1-cp312-cp312-musllinux_1_2_aarch64.whl", hash = "sha256:4aeea04a9889370fcfb1ef828c4cc583f36a875061505cd6cd9ba24d8b43cc36", size = 121333, upload-time = "2026-02-03T02:11:32.148Z" },
    { url = "https://files.pythonhosted.org/packages/5f/75/75fc793b791d79444aca2c03ccde64e8b99eda321b003f267d570b7b0985/wrapt-2.1.1-cp312-cp312-musllinux_1_2_x86_64.whl", hash = "sha256:d88b46bb0dce9f74b6817bc1758ff2125e1ca9e1377d62ea35b6896142ab6825", size = 120458, upload-time = "2026-02-03T02:11:16.039Z" },
    { url = "https://files.pythonhosted.org/packages/d7/8f/c3f30d511082ca6d947c405f9d8f6c8eaf83cfde527c439ec2c9a30eb5ea/wrapt-2.1.1-cp312-cp312-win32.whl", hash = "sha256:63decff76ca685b5c557082dfbea865f3f5f6d45766a89bff8dc61d336348833", size = 58086, upload-time = "2026-02-03T02:12:35.041Z" },
    { url = "https://files.pythonhosted.org/packages/0a/c8/37625b643eea2849f10c3b90f69c7462faa4134448d4443234adaf122ae5/wrapt-2.1.1-cp312-cp312-win_amd64.whl", hash = "sha256:b828235d26c1e35aca4107039802ae4b1411be0fe0367dd5b7e4d90e562fcbcd", size = 60328, upload-time = "2026-02-03T02:12:45.808Z" },
    { url = "https://files.pythonhosted.org/packages/ce/79/56242f07572d5682ba8065a9d4d9c2218313f576e3c3471873c2a5355ffd/wrapt-2.1.1-cp312-cp312-win_arm64.whl", hash = "sha256:75128507413a9f1bcbe2db88fd18fbdbf80f264b82fa33a6996cdeaf01c52352", size = 58722, upload-time = "2026-02-03T02:12:27.949Z" },
    { url = "https://files.pythonhosted.org/packages/f7/ca/3cf290212855b19af9fcc41b725b5620b32f470d6aad970c2593500817eb/wrapt-2.1.1-cp313-cp313-macosx_10_13_x86_64.whl", hash = "sha256:ce9646e17fa7c3e2e7a87e696c7de66512c2b4f789a8db95c613588985a2e139", size = 61150, upload-time = "2026-02-03T02:12:50.575Z" },
    { url = "https://files.pythonhosted.org/packages/9d/33/5b8f89a82a9859ce82da4870c799ad11ce15648b6e1c820fec3e23f4a19f/wrapt-2.1.1-cp313-cp313-macosx_11_0_arm64.whl", hash = "sha256:428cfc801925454395aa468ba7ddb3ed63dc0d881df7b81626cdd433b4e2b11b", size = 61743, upload-time = "2026-02-03T02:11:55.733Z" },
    { url = "https://files.pythonhosted.org/packages/1e/2f/60c51304fbdf47ce992d9eefa61fbd2c0e64feee60aaa439baf42ea6f40b/wrapt-2.1.1-cp313-cp313-manylinux1_x86_64.manylinux_2_28_x86_64.manylinux_2_5_x86_64.whl", hash = "sha256:5797f65e4d58065a49088c3b32af5410751cd485e83ba89e5a45e2aa8905af98", size = 121341, upload-time = "2026-02-03T02:11:20.461Z" },
    { url = "https://files.pythonhosted.org/packages/ad/03/ce5256e66dd94e521ad5e753c78185c01b6eddbed3147be541f4d38c0cb7/wrapt-2.1.1-cp313-cp313-manylinux2014_aarch64.manylinux_2_17_aarch64.manylinux_2_28_aarch64.whl", hash = "sha256:5a2db44a71202c5ae4bb5f27c6d3afbc5b23053f2e7e78aa29704541b5dad789", size = 122947, upload-time = "2026-02-03T02:11:33.596Z" },
    { url = "https://files.pythonhosted.org/packages/eb/ae/50ca8854b81b946a11a36fcd6ead32336e6db2c14b6e4a8b092b80741178/wrapt-2.1.1-cp313-cp313-musllinux_1_2_aarch64.whl", hash = "sha256:8d5350c3590af09c1703dd60ec78a7370c0186e11eaafb9dda025a30eee6492d", size = 121370, upload-time = "2026-02-03T02:11:09.886Z" },
    { url = "https://files.pythonhosted.org/packages/fb/d9/d6a7c654e0043319b4cc137a4caaf7aa16b46b51ee8df98d1060254705b7/wrapt-2.1.1-cp313-cp313-musllinux_1_2_x86_64.whl", hash = "sha256:2d9b076411bed964e752c01b49fd224cc385f3a96f520c797d38412d70d08359", size = 120465, upload-time = "2026-02-03T02:11:37.592Z" },
    { url = "https://files.pythonhosted.org/packages/55/90/65be41e40845d951f714b5a77e84f377a3787b1e8eee6555a680da6d0db5/wrapt-2.1.1-cp313-cp313-win32.whl", hash = "sha256:0bb7207130ce6486727baa85373503bf3334cc28016f6928a0fa7e19d7ecdc06", size = 58090, upload-time = "2026-02-03T02:12:53.342Z" },
    { url = "https://files.pythonhosted.org/packages/5f/66/6a09e0294c4fc8c26028a03a15191721c9271672467cc33e6617ee0d91d2/wrapt-2.1.1-cp313-cp313-win_amd64.whl", hash = "sha256:cbfee35c711046b15147b0ae7db9b976f01c9520e6636d992cd9e69e5e2b03b1", size = 60341, upload-time = "2026-02-03T02:12:36.384Z" },
    { url = "https://files.pythonhosted.org/packages/7a/f0/20ceb8b701e9a71555c87a5ddecbed76ec16742cf1e4b87bbaf26735f998/wrapt-2.1.1-cp313-cp313-win_arm64.whl", hash = "sha256:7d2756061022aebbf57ba14af9c16e8044e055c22d38de7bf40d92b565ecd2b0", size = 58731, upload-time = "2026-02-03T02:12:01.328Z" },
    { url = "https://files.pythonhosted.org/packages/80/b4/fe95beb8946700b3db371f6ce25115217e7075ca063663b8cca2888ba55c/wrapt-2.1.1-cp313-cp313t-macosx_10_13_x86_64.whl", hash = "sha256:4814a3e58bc6971e46baa910ecee69699110a2bf06c201e24277c65115a20c20", size = 62969, upload-time = "2026-02-03T02:11:51.245Z" },
    { url = "https://files.pythonhosted.org/packages/b8/89/477b0bdc784e3299edf69c279697372b8bd4c31d9c6966eae405442899df/wrapt-2.1.1-cp313-cp313t-macosx_11_0_arm64.whl", hash = "sha256:106c5123232ab9b9f4903692e1fa0bdc231510098f04c13c3081f8ad71c3d612", size = 63606, upload-time = "2026-02-03T02:12:02.64Z" },
    { url = "https://files.pythonhosted.org/packages/ed/55/9d0c1269ab76de87715b3b905df54dd25d55bbffd0b98696893eb613469f/wrapt-2.1.1-cp313-cp313t-manylinux1_x86_64.manylinux_2_28_x86_64.manylinux_2_5_x86_64.whl", hash = "sha256:1a40b83ff2535e6e56f190aff123821eea89a24c589f7af33413b9c19eb2c738", size = 152536, upload-time = "2026-02-03T02:11:24.492Z" },
    { url = "https://files.pythonhosted.org/packages/44/18/2004766030462f79ad86efaa62000b5e39b1ff001dcce86650e1625f40ae/wrapt-2.1.1-cp313-cp313t-manylinux2014_aarch64.manylinux_2_17_aarch64.manylinux_2_28_aarch64.whl", hash = "sha256:789cea26e740d71cf1882e3a42bb29052bc4ada15770c90072cb47bf73fb3dbf", size = 158697, upload-time = "2026-02-03T02:12:32.214Z" },
    { url = "https://files.pythonhosted.org/packages/e1/bb/0a880fa0f35e94ee843df4ee4dd52a699c9263f36881311cfb412c09c3e5/wrapt-2.1.1-cp313-cp313t-musllinux_1_2_aarch64.whl", hash = "sha256:ba49c14222d5e5c0ee394495a8655e991dc06cbca5398153aefa5ac08cd6ccd7", size = 155563, upload-time = "2026-02-03T02:11:49.737Z" },
    { url = "https://files.pythonhosted.org/packages/42/ff/cd1b7c4846c8678fac359a6eb975dc7ab5bd606030adb22acc8b4a9f53f1/wrapt-2.1.1-cp313-cp313t-musllinux_1_2_x86_64.whl", hash = "sha256:ac8cda531fe55be838a17c62c806824472bb962b3afa47ecbd59b27b78496f4e", size = 150161, upload-time = "2026-02-03T02:12:33.613Z" },
    { url = "https://files.pythonhosted.org/packages/38/ec/67c90a7082f452964b4621e4890e9a490f1add23cdeb7483cc1706743291/wrapt-2.1.1-cp313-cp313t-win32.whl", hash = "sha256:b8af75fe20d381dd5bcc9db2e86a86d7fcfbf615383a7147b85da97c1182225b", size = 59783, upload-time = "2026-02-03T02:11:39.863Z" },
    { url = "https://files.pythonhosted.org/packages/ec/08/466afe4855847d8febdfa2c57c87e991fc5820afbdef01a273683dfd15a0/wrapt-2.1.1-cp313-cp313t-win_amd64.whl", hash = "sha256:45c5631c9b6c792b78be2d7352129f776dd72c605be2c3a4e9be346be8376d83", size = 63082, upload-time = "2026-02-03T02:12:09.075Z" },
    { url = "https://files.pythonhosted.org/packages/9a/62/60b629463c28b15b1eeadb3a0691e17568622b12aa5bfa7ebe9b514bfbeb/wrapt-2.1.1-cp313-cp313t-win_arm64.whl", hash = "sha256:da815b9263947ac98d088b6414ac83507809a1d385e4632d9489867228d6d81c", size = 60251, upload-time = "2026-02-03T02:11:21.794Z" },
    { url = "https://files.pythonhosted.org/packages/95/a0/1c2396e272f91efe6b16a6a8bce7ad53856c8f9ae4f34ceaa711d63ec9e1/wrapt-2.1.1-cp314-cp314-macosx_10_15_x86_64.whl", hash = "sha256:9aa1765054245bb01a37f615503290d4e207e3fd59226e78341afb587e9c1236", size = 61311, upload-time = "2026-02-03T02:12:44.41Z" },
    { url = "https://files.pythonhosted.org/packages/b0/9a/d2faba7e61072a7507b5722db63562fdb22f5a24e237d460d18755627f15/wrapt-2.1.1-cp314-cp314-macosx_11_0_arm64.whl", hash = "sha256:feff14b63a6d86c1eee33a57f77573649f2550935981625be7ff3cb7342efe05", size = 61805, upload-time = "2026-02-03T02:11:59.905Z" },
    { url = "https://files.pythonhosted.org/packages/db/56/073989deb4b5d7d6e7ea424476a4ae4bda02140f2dbeaafb14ba4864dd60/wrapt-2.1.1-cp314-cp314-manylinux1_x86_64.manylinux_2_28_x86_64.manylinux_2_5_x86_64.whl", hash = "sha256:81fc5f22d5fcfdbabde96bb3f5379b9f4476d05c6d524d7259dc5dfb501d3281", size = 120308, upload-time = "2026-02-03T02:12:04.46Z" },
    { url = "https://files.pythonhosted.org/packages/d1/b6/84f37261295e38167a29eb82affaf1dc15948dc416925fe2091beee8e4ac/wrapt-2.1.1-cp314-cp314-manylinux2014_aarch64.manylinux_2_17_aarch64.manylinux_2_28_aarch64.whl", hash = "sha256:951b228ecf66def855d22e006ab9a1fc12535111ae7db2ec576c728f8ddb39e8", size = 122688, upload-time = "2026-02-03T02:11:23.148Z" },
    { url = "https://files.pythonhosted.org/packages/ea/80/32db2eec6671f80c65b7ff175be61bc73d7f5223f6910b0c921bbc4bd11c/wrapt-2.1.1-cp314-cp314-musllinux_1_2_aarch64.whl", hash = "sha256:0ddf582a95641b9a8c8bd643e83f34ecbbfe1b68bc3850093605e469ab680ae3", size = 121115, upload-time = "2026-02-03T02:12:39.068Z" },
    { url = "https://files.pythonhosted.org/packages/49/ef/dcd00383df0cd696614127902153bf067971a5aabcd3c9dcb2d8ef354b2a/wrapt-2.1.1-cp314-cp314-musllinux_1_2_x86_64.whl", hash = "sha256:fc5c500966bf48913f795f1984704e6d452ba2414207b15e1f8c339a059d5b16", size = 119484, upload-time = "2026-02-03T02:11:48.419Z" },
    { url = "https://files.pythonhosted.org/packages/76/29/0630280cdd2bd8f86f35cb6854abee1c9d6d1a28a0c6b6417cd15d378325/wrapt-2.1.1-cp314-cp314-win32.whl", hash = "sha256:4aa4baadb1f94b71151b8e44a0c044f6af37396c3b8bcd474b78b49e2130a23b", size = 58514, upload-time = "2026-02-03T02:11:58.616Z" },
    { url = "https://files.pythonhosted.org/packages/db/19/5bed84f9089ed2065f6aeda5dfc4f043743f642bc871454b261c3d7d322b/wrapt-2.1.1-cp314-cp314-win_amd64.whl", hash = "sha256:860e9d3fd81816a9f4e40812f28be4439ab01f260603c749d14be3c0a1170d19", size = 60763, upload-time = "2026-02-03T02:12:24.553Z" },
    { url = "https://files.pythonhosted.org/packages/e4/cb/b967f2f9669e4249b4fe82e630d2a01bc6b9e362b9b12ed91bbe23ae8df4/wrapt-2.1.1-cp314-cp314-win_arm64.whl", hash = "sha256:3c59e103017a2c1ea0ddf589cbefd63f91081d7ce9d491d69ff2512bb1157e23", size = 59051, upload-time = "2026-02-03T02:11:29.602Z" },
    { url = "https://files.pythonhosted.org/packages/eb/19/6fed62be29f97eb8a56aff236c3f960a4b4a86e8379dc7046a8005901a97/wrapt-2.1.1-cp314-cp314t-macosx_10_15_x86_64.whl", hash = "sha256:9fa7c7e1bee9278fc4f5dd8275bc8d25493281a8ec6c61959e37cc46acf02007", size = 63059, upload-time = "2026-02-03T02:12:06.368Z" },
    { url = "https://files.pythonhosted.org/packages/0a/1c/b757fd0adb53d91547ed8fad76ba14a5932d83dde4c994846a2804596378/wrapt-2.1.1-cp314-cp314t-macosx_11_0_arm64.whl", hash = "sha256:39c35e12e8215628984248bd9c8897ce0a474be2a773db207eb93414219d8469", size = 63618, upload-time = "2026-02-03T02:12:23.197Z" },
    { url = "https://files.pythonhosted.org/packages/10/fe/e5ae17b1480957c7988d991b93df9f2425fc51f128cf88144d6a18d0eb12/wrapt-2.1.1-cp314-cp314t-manylinux1_x86_64.manylinux_2_28_x86_64.manylinux_2_5_x86_64.whl", hash = "sha256:94ded4540cac9125eaa8ddf5f651a7ec0da6f5b9f248fe0347b597098f8ec14c", size = 152544, upload-time = "2026-02-03T02:11:43.915Z" },
    { url = "https://files.pythonhosted.org/packages/3e/cc/99aed210c6b547b8a6e4cb9d1425e4466727158a6aeb833aa7997e9e08dd/wrapt-2.1.1-cp314-cp314t-manylinux2014_aarch64.manylinux_2_17_aarch64.manylinux_2_28_aarch64.whl", hash = "sha256:da0af328373f97ed9bdfea24549ac1b944096a5a71b30e41c9b8b53ab3eec04a", size = 158700, upload-time = "2026-02-03T02:12:30.684Z" },
    { url = "https://files.pythonhosted.org/packages/81/0e/d442f745f4957944d5f8ad38bc3a96620bfff3562533b87e486e979f3d99/wrapt-2.1.1-cp314-cp314t-musllinux_1_2_aarch64.whl", hash = "sha256:4ad839b55f0bf235f8e337ce060572d7a06592592f600f3a3029168e838469d3", size = 155561, upload-time = "2026-02-03T02:11:28.164Z" },
    { url = "https://files.pythonhosted.org/packages/51/ac/9891816280e0018c48f8dfd61b136af7b0dcb4a088895db2531acde5631b/wrapt-2.1.1-cp314-cp314t-musllinux_1_2_x86_64.whl", hash = "sha256:0d89c49356e5e2a50fa86b40e0510082abcd0530f926cbd71cf25bee6b9d82d7", size = 150188, upload-time = "2026-02-03T02:11:57.053Z" },
    { url = "https://files.pythonhosted.org/packages/24/98/e2f273b6d70d41f98d0739aa9a269d0b633684a5fb17b9229709375748d4/wrapt-2.1.1-cp314-cp314t-win32.whl", hash = "sha256:f4c7dd22cf7f36aafe772f3d88656559205c3af1b7900adfccb70edeb0d2abc4", size = 60425, upload-time = "2026-02-03T02:11:35.007Z" },
    { url = "https://files.pythonhosted.org/packages/1e/06/b500bfc38a4f82d89f34a13069e748c82c5430d365d9e6b75afb3ab74457/wrapt-2.1.1-cp314-cp314t-win_amd64.whl", hash = "sha256:f76bc12c583ab01e73ba0ea585465a41e48d968f6d1311b4daec4f8654e356e3", size = 63855, upload-time = "2026-02-03T02:12:15.47Z" },
    { url = "https://files.pythonhosted.org/packages/d9/cc/5f6193c32166faee1d2a613f278608e6f3b95b96589d020f0088459c46c9/wrapt-2.1.1-cp314-cp314t-win_arm64.whl", hash = "sha256:7ea74fc0bec172f1ae5f3505b6655c541786a5cabe4bbc0d9723a56ac32eb9b9", size = 60443, upload-time = "2026-02-03T02:11:30.869Z" },
    { url = "https://files.pythonhosted.org/packages/c4/da/5a086bf4c22a41995312db104ec2ffeee2cf6accca9faaee5315c790377d/wrapt-2.1.1-py3-none-any.whl", hash = "sha256:3b0f4629eb954394a3d7c7a1c8cca25f0b07cefe6aa8545e862e9778152de5b7", size = 43886, upload-time = "2026-02-03T02:11:45.048Z" },
]

[[package]]
name = "zipp"
version = "3.23.0"
source = { registry = "https://pypi.org/simple" }
sdist = { url = "https://files.pythonhosted.org/packages/e3/02/0f2892c661036d50ede074e376733dca2ae7c6eb617489437771209d4180/zipp-3.23.0.tar.gz", hash = "sha256:a07157588a12518c9d4034df3fbbee09c814741a33ff63c05fa29d26a2404166", size = 25547, upload-time = "2025-06-08T17:06:39.4Z" }
wheels = [
    { url = "https://files.pythonhosted.org/packages/2e/54/647ade08bf0db230bfea292f893923872fd20be6ac6f53b2b936ba839d75/zipp-3.23.0-py3-none-any.whl", hash = "sha256:071652d6115ed432f5ce1d34c336c0adfd6a884660d1e9712a256d3d3bd4b14e", size = 10276, upload-time = "2025-06-08T17:06:38.034Z" },
]
